
Microsoft Visual Studio Solution File, Format Version 12.00
# Visual Studio Version 17
VisualStudioVersion = 17.4.33110.190
MinimumVisualStudioVersion = 10.0.40219.1
Project("{FAE04EC0-301F-11D3-BF4B-00C04F79EFBC}") = "Loadout", "Loadout.csproj", "{924F962C-6ABA-4633-A161-274F8891965A}"
EndProject
Global
	GlobalSection(SolutionConfigurationPlatforms) = preSolution
		Debug|Any CPU = Debug|Any CPU
		Release|Any CPU = Release|Any CPU
	EndGlobalSection
	GlobalSection(ProjectConfigurationPlatforms) = postSolution
		{924F962C-6ABA-4633-A161-274F8891965A}.Debug|Any CPU.ActiveCfg = Debug|Any CPU
		{924F962C-6ABA-4633-A161-274F8891965A}.Debug|Any CPU.Build.0 = Debug|Any CPU
		{924F962C-6ABA-4633-A161-274F8891965A}.Release|Any CPU.ActiveCfg = Release|Any CPU
		{924F962C-6ABA-4633-A161-274F8891965A}.Release|Any CPU.Build.0 = Release|Any CPU
	EndGlobalSection
	GlobalSection(SolutionProperties) = preSolution
		HideSolutionNode = FALSE
	EndGlobalSection
	GlobalSection(ExtensibilityGlobals) = postSolution
		SolutionGuid = {A021DE1A-051A-479B-9E20-AE8AEC1D9640}
	EndGlobalSection
EndGlobal
